# This file is automatically @generated by Cargo.
# It is not intended for manual editing.
version = 3

[[package]]
name = "rust_error"
version = "0.1.0"

[[package]]
name = "rust_func"
version = "0.1.0"

[[package]]
name = "rust_generic"
version = "0.1.0"

[[package]]
name = "rust_lifetime"
version = "0.1.0"

[[package]]
name = "rust_quick_sort"
version = "0.1.0"

[[package]]
name = "rust_study_day_1"
version = "0.1.0"

[[package]]
name = "rust_study_day_2"
version = "0.1.0"

[[package]]
name = "rust_study_day_3"
version = "0.1.0"

[[package]]
name = "rust_study_day_4"
version = "0.1.0"

[[package]]
name = "rust_study_day_5"
version = "0.1.0"

[[package]]
name = "rust_trait"
version = "0.1.0"
